[[package]]
category = "dev"
description = "Python command-line parsing library"
name = "argparse"
optional = false
platform = "any"
python-versions = "*"
version = "1.4.0"

[[package]]
category = "dev"
description = "Atomic file writes."
name = "atomicwrites"
optional = false
platform = "UNKNOWN"
python-versions = "*"
version = "1.1.5"

[[package]]
category = "dev"
description = "Classes Without Boilerplate"
name = "attrs"
optional = false
platform = "*"
python-versions = "*"
version = "18.1.0"

[[package]]
category = "dev"
description = "Internationalization utilities"
name = "babel"
optional = false
platform = "*"
python-versions = ">=2.7, !=3.0.*, !=3.1.*, !=3.2.*, !=3.3.*"
version = "2.6.0"

[package.dependencies]
pytz = ">=0a"

[[package]]
category = "main"
description = "Amazon Web Services Library"
name = "boto"
optional = false
platform = "Posix; MacOS X; Windows"
python-versions = "*"
version = "2.49.0"

[[package]]
category = "dev"
description = "Python package for providing Mozilla's CA Bundle."
name = "certifi"
optional = false
platform = "*"
python-versions = "*"
version = "2018.4.16"

[[package]]
category = "dev"
description = "Universal encoding detector for Python 2 and 3"
name = "chardet"
optional = false
platform = "*"
python-versions = "*"
version = "3.0.4"

[[package]]
category = "dev"
description = "A simple wrapper around optparse for powerful command line utilities."
name = "click"
optional = false
platform = "*"
python-versions = "*"
version = "6.7"

[[package]]
category = "dev"
description = "Cross-platform colored terminal text."
name = "colorama"
optional = false
platform = "UNKNOWN"
python-versions = "*"
version = "0.3.9"

[package.requirements]
platform = "win32"

[[package]]
category = "dev"
description = "A collection of Python deprecation patterns and strategies that help you collect your technical debt in a non-destructive manner."
name = "debtcollector"
optional = false
platform = "*"
python-versions = "*"
version = "1.20.0"

[package.dependencies]
pbr = ">=2.0.0,<2.1.0 || >2.1.0"
six = ">=1.10.0"
wrapt = ">=1.7.0"

[package.dependencies.funcsigs]
python = ">=2.6,<2.8"
version = ">=1.0.0"

[[package]]
category = "main"
description = "An implementation of lxml.xmlfile for the standard library"
name = "et-xmlfile"
optional = false
platform = "UNKNOWN"
python-versions = "*"
version = "1.0.1"

[[package]]
category = "dev"
description = "A simple framework for building complex web applications."
name = "flask"
optional = false
platform = "any"
python-versions = "*"
version = "1.0.2"

[package.dependencies]
Jinja2 = ">=2.10"
Werkzeug = ">=0.14"
click = ">=5.1"
itsdangerous = ">=0.24"

[[package]]
category = "dev"
description = "Python function signatures from PEP362 for Python 2.6, 2.7 and 3.2+"
name = "funcsigs"
optional = false
platform = "UNKNOWN"
python-versions = "*"
version = "1.0.2"

[package.dependencies]
[package.dependencies.ordereddict]
python = "<2.7"
version = "*"

[package.requirements]
python = "<3.3"

[[package]]
category = "dev"
description = "HTTP client mock for Python"
name = "httpretty"
optional = false
platform = "*"
python-versions = "*"
version = "0.9.5"

[package.dependencies]
six = "*"

[[package]]
category = "dev"
description = "Internationalized Domain Names in Applications (IDNA)"
name = "idna"
optional = false
platform = "*"
python-versions = "*"
version = "2.7"

[[package]]
category = "dev"
description = "Simple module to parse ISO 8601 dates"
name = "iso8601"
optional = false
platform = "*"
python-versions = "*"
version = "0.1.12"

[[package]]
category = "dev"
description = "Various helpers to pass trusted data to untrusted environments and back."
name = "itsdangerous"
optional = false
platform = "UNKNOWN"
python-versions = "*"
version = "0.24"

[[package]]
category = "main"
description = "Julian dates from proleptic Gregorian and Julian calendars."
name = "jdcal"
optional = false
platform = "*"
python-versions = "*"
version = "1.4"

[[package]]
category = "dev"
description = "A small but fast and easy to use stand-alone template engine written in pure python."
name = "jinja2"
optional = false
platform = "*"
python-versions = "*"
version = "2.10"

[package.dependencies]
MarkupSafe = ">=0.23"

[[package]]
category = "dev"
description = "Authentication Library for OpenStack Identity"
name = "keystoneauth1"
optional = false
platform = "*"
python-versions = "*"
version = "3.10.0"

[package.dependencies]
iso8601 = ">=0.1.11"
os-service-types = ">=1.2.0"
pbr = ">=2.0.0,<2.1.0 || >2.1.0"
requests = ">=2.14.2"
six = ">=1.10.0"
stevedore = ">=1.20.0"

[[package]]
category = "dev"
description = "Platform-independent file locking module"
name = "lockfile"
optional = false
platform = "UNKNOWN"
python-versions = "*"
version = "0.12.2"

[[package]]
category = "dev"
description = "Implements a XML/HTML/XHTML Markup safe string for Python"
name = "markupsafe"
optional = false
platform = "UNKNOWN"
python-versions = "*"
version = "1.0"

[[package]]
category = "dev"
description = "Rolling backport of unittest.mock for all Pythons"
name = "mock"
optional = false
platform = "UNKNOWN"
python-versions = "*"
version = "1.3.0"

[package.dependencies]
pbr = ">=0.11"
six = ">=1.7"

[package.dependencies.funcsigs]
python = "<3.3"
version = "*"

[[package]]
category = "dev"
description = "An implementation of time.monotonic() for Python 2 & < 3.3"
name = "monotonic"
optional = false
platform = "*"
python-versions = "*"
version = "1.5"

[[package]]
category = "dev"
description = "More routines for operating on iterables, beyond itertools"
name = "more-itertools"
optional = false
platform = "*"
python-versions = "*"
version = "4.2.0"

[package.dependencies]
six = ">=1.0.0,<2.0.0"

[[package]]
category = "dev"
description = "A library that allows your python tests to easily mock out the boto library"
name = "moto"
optional = false
platform = "UNKNOWN"
python-versions = "*"
version = "0.4.1"

[package.dependencies]
Jinja2 = "*"
boto = "*"
flask = "*"
httpretty = ">=0.6.1"
requests = "*"
six = "*"
werkzeug = "*"
xmltodict = "*"

[[package]]
category = "dev"
description = "MessagePack (de)serializer."
name = "msgpack"
optional = false
platform = "*"
python-versions = "*"
version = "0.5.6"

[[package]]
category = "dev"
description = "A network address manipulation library for Python"
name = "netaddr"
optional = false
platform = "OS Independent"
python-versions = "*"
version = "0.7.19"

[[package]]
category = "dev"
description = "Portable network interface information."
name = "netifaces"
optional = false
platform = "*"
python-versions = "*"
version = "0.10.7"

[[package]]
category = "dev"
description = "nose extends unittest to make testing easier"
name = "nose"
optional = false
platform = "UNKNOWN"
python-versions = "*"
version = "1.3.7"

[[package]]
category = "main"
description = "A Python library to read/write Excel 2010 xlsx/xlsm files"
name = "openpyxl"
optional = false
platform = "*"
python-versions = ">=2.7, !=3.0.*, !=3.1.*, !=3.2.*, !=3.3.*"
version = "2.5.4"

[package.dependencies]
et_xmlfile = "*"
jdcal = "*"

[[package]]
category = "dev"
description = "A drop-in substitute for Py2.7's new collections.OrderedDict that works in Python 2.4-2.6."
name = "ordereddict"
optional = false
platform = "UNKNOWN"
python-versions = "*"
version = "1.1"

[package.requirements]
python = "<2.7"

[[package]]
category = "dev"
description = "Python library for consuming OpenStack sevice-types-authority data"
name = "os-service-types"
optional = false
platform = "*"
python-versions = "*"
version = "1.2.0"

[package.dependencies]
pbr = ">=2.0.0,<2.1.0 || >2.1.0"

[[package]]
category = "dev"
description = "Oslo i18n library"
name = "oslo.i18n"
optional = false
platform = "*"
python-versions = "*"
version = "3.21.0"

[package.dependencies]
Babel = ">=2.3.4,<2.4.0 || >2.4.0"
pbr = ">=2.0.0,<2.1.0 || >2.1.0"
six = ">=1.10.0"

[[package]]
category = "dev"
description = "Oslo Serialization library"
name = "oslo.serialization"
optional = false
platform = "*"
python-versions = "*"
version = "2.27.0"

[package.dependencies]
msgpack = ">=0.5.2"
"oslo.utils" = ">=3.33.0"
pbr = ">=2.0.0,<2.1.0 || >2.1.0"
pytz = ">=2013.6"
six = ">=1.10.0"

[[package]]
category = "dev"
description = "Oslo Utility library"
name = "oslo.utils"
optional = false
platform = "*"
python-versions = "*"
version = "3.36.4"

[package.dependencies]
debtcollector = ">=1.2.0"
iso8601 = ">=0.1.11"
monotonic = ">=0.6"
netaddr = ">=0.7.18"
netifaces = ">=0.10.4"
"oslo.i18n" = ">=3.15.3"
pbr = ">=2.0.0,<2.1.0 || >2.1.0"
pyparsing = ">=2.1.0"
pytz = ">=2013.6"
six = ">=1.10.0"

[package.dependencies.funcsigs]
python = ">=2.6,<2.8"
version = ">=1.0.0"

[[package]]
category = "dev"
description = "Python Build Reasonableness"
name = "pbr"
optional = false
platform = "*"
python-versions = "*"
version = "4.2.0"

[[package]]
category = "dev"
description = "plugin and hook calling mechanisms for python"
name = "pluggy"
optional = false
platform = "unix"
python-versions = ">=2.7, !=3.0.*, !=3.1.*, !=3.2.*, !=3.3.*"
version = "0.7.1"

[[package]]
category = "dev"
description = "A simple Python library for easily displaying tabular data in a visually appealing ASCII table format."
name = "prettytable"
optional = false
platform = "*"
python-versions = "*"
version = "0.7.2"

[[package]]
category = "dev"
description = "library with cross-python path, ini-parsing, io, code, log facilities"
name = "py"
optional = false
platform = "unix"
python-versions = ">=2.7, !=3.0.*, !=3.1.*, !=3.2.*, !=3.3.*"
version = "1.5.4"

[[package]]
category = "dev"
description = "Python parsing module"
name = "pyparsing"
optional = false
platform = "UNKNOWN"
python-versions = "*"
version = "2.2.0"

[[package]]
category = "dev"
description = "pytest: simple powerful testing with Python"
name = "pytest"
optional = false
platform = "unix"
python-versions = ">=2.7, !=3.0.*, !=3.1.*, !=3.2.*, !=3.3.*"
version = "3.6.4"

[package.dependencies]
atomicwrites = ">=1.0"
attrs = ">=17.4.0"
more-itertools = ">=4.0.0"
pluggy = ">=0.5,<0.8"
py = ">=1.5.0"
setuptools = "*"
six = ">=1.10.0"

[package.dependencies.colorama]
platform = "win32"
version = "*"

[package.dependencies.funcsigs]
python = "<3.0"
version = "*"

[[package]]
category = "main"
description = "Extensions to the standard Python datetime module"
name = "python-dateutil"
optional = false
platform = "UNKNOWN"
python-versions = "*"
version = "2.4.2"

[package.dependencies]
six = ">=1.5"

[[package]]
category = "dev"
description = "Client library for OpenStack Compute API"
name = "python-novaclient"
optional = false
platform = "UNKNOWN"
python-versions = "*"
version = "3.2.0"

[package.dependencies]
Babel = ">=1.3"
PrettyTable = ">=0.7,<0.8"
argparse = "*"
iso8601 = ">=0.1.9"
keystoneauth1 = ">=2.1.0"
"oslo.i18n" = ">=1.5.0"
"oslo.serialization" = ">=1.10.0"
"oslo.utils" = ">=3.2.0"
pbr = ">=1.6"
requests = ">=2.8.1,<2.9.0 || >2.9.0"
simplejson = ">=2.2.0"
six = ">=1.9.0"

[[package]]
category = "dev"
description = "World timezone definitions, modern and historical"
name = "pytz"
optional = false
platform = "Independent"
python-versions = "*"
version = "2018.5"

[[package]]
category = "dev"
description = "Python HTTP for Humans."
name = "requests"
optional = false
platform = "*"
python-versions = ">=2.6, !=3.0.*, !=3.1.*, !=3.2.*, !=3.3.*"
version = "2.19.1"

[package.dependencies]
certifi = ">=2017.4.17"
chardet = ">=3.0.2,<3.1.0"
idna = ">=2.5,<2.8"
urllib3 = ">=1.21.1,<1.24"

[[package]]
category = "dev"
description = "Simple, fast, extensible JSON encoder/decoder for Python"
name = "simplejson"
optional = false
platform = "any"
python-versions = "*"
version = "3.16.0"

[[package]]
category = "main"
description = "Python 2 and 3 compatibility utilities"
name = "six"
optional = false
platform = "*"
python-versions = "*"
version = "1.11.0"

[[package]]
category = "dev"
description = "Manage dynamic plugins for Python applications"
name = "stevedore"
optional = false
platform = "*"
python-versions = "*"
version = "1.29.0"

[package.dependencies]
pbr = ">=2.0.0,<2.1.0 || >2.1.0"
six = ">=1.10.0"

[[package]]
category = "dev"
description = "HTTP library with thread-safe connection pooling, file post, and more."
name = "urllib3"
optional = false
platform = "*"
python-versions = ">=2.6, !=3.0.*, !=3.1.*, !=3.2.*, !=3.3.*, <4"
version = "1.23"

[[package]]
category = "dev"
description = "The comprehensive WSGI web application library."
name = "werkzeug"
optional = false
platform = "any"
python-versions = "*"
version = "0.14.1"

[[package]]
category = "dev"
description = "Module for decorators, wrappers and monkey patching."
name = "wrapt"
optional = false
platform = "*"
python-versions = "*"
version = "1.10.11"

[[package]]
category = "main"
description = "Makes working with XML feel like you are working with JSON"
name = "xmltodict"
optional = false
platform = "all"
python-versions = "*"
version = "0.9.2"

[metadata]
content-hash = "5766951eaed357053f08cf5ee28cf4ed60eafab03fc676f6251cae59cd4da665"
platform = "*"
python-versions = "*"

[metadata.hashes]
argparse = ["62b089a55be1d8949cd2bc7e0df0bddb9e028faefc8c32038cc84862aefdd6e4", "c31647edb69fd3d465a847ea3157d37bed1f95f19760b11a47aa91c04b666314"]
atomicwrites = ["240831ea22da9ab882b551b31d4225591e5e447a68c5e188db5b89ca1d487585", "a24da68318b08ac9c9c45029f4a10371ab5b20e4226738e150e6e7c571630ae6"]
attrs = ["4b90b09eeeb9b88c35bc642cbac057e45a5fd85367b985bd2809c62b7b939265", "e0d0eb91441a3b53dab4d9b743eafc1ac44476296a2053b6ca3af0b139faf87b"]
babel = ["6778d85147d5d85345c14a26aada5e478ab04e39b078b0745ee6870c2b5cf669", "8cba50f48c529ca3fa18cf81fa9403be176d374ac4d60738b839122dfaaa3d23"]
boto = ["147758d41ae7240dc989f0039f27da8ca0d53734be0eb869ef16e3adcfa462e8", "ea0d3b40a2d852767be77ca343b58a9e3a4b00d9db440efb8da74b4e58025e5a"]
certifi = ["13e698f54293db9f89122b0581843a782ad0934a4fe0172d2a980ba77fc61bb7", "9fa520c1bacfb634fa7af20a76bcbd3d5fb390481724c597da32c719a7dca4b0"]
chardet = ["84ab92ed1c4d4f16916e05906b6b75a6c0fb5db821cc65e70cbd64a3e2a5eaae", "fc323ffcaeaed0e0a02bf4d117757b98aed530d9ed4531e3e15460124c106691"]
click = ["29f99fc6125fbc931b758dc053b3114e55c77a6e4c6c3a2674a2dc986016381d", "f15516df478d5a56180fbf80e68f206010e6d160fc39fa508b65e035fd75130b"]
colorama = ["463f8483208e921368c9f306094eb6f725c6ca42b0f97e313cb5d5512459feda", "48eb22f4f8461b1df5734a074b57042430fb06e1d61bd1e11b078c0fe6d7a1f1"]
debtcollector = ["e8ab689b0d1d19bdebb49eca82e70b938921f80599a32c2f6a5d6ce94dd82af2", "f48639881e0dd492e3576fd714e2a4e422492bb586b9f90affe0f093d7a09ac8"]
et-xmlfile = ["614d9722d572f6246302c4491846d2c393c199cfa4edc9af593437691683335b"]
flask = ["2271c0070dbcb5275fad4a82e29f23ab92682dc45f9dfbc22c02ba9b9322ce48", "a080b744b7e345ccfcbc77954861cb05b3c63786e93f2b3875e0913d44b43f05"]
funcsigs = ["330cc27ccbf7f1e992e69fef78261dc7c6569012cf397db8d3de0234e6c937ca", "a7bb0f2cf3a3fd1ab2732cb49eba4252c2af4240442415b4abce3b87022a8f50"]
httpretty = ["543fa2bd9c319bfa1e1de9e37d7c9c08fa926a692b65b0be5df4b2f069fd0ad7"]
idna = ["156a6814fb5ac1fc6850fb002e0852d56c0c8d2531923a51032d1b70760e186e", "684a38a6f903c1d71d6d5fac066b58d7768af4de2b832e426ec79c30daa94a16"]
iso8601 = ["210e0134677cc0d02f6028087fee1df1e1d76d372ee1db0bf30bf66c5c1c89a3", "49c4b20e1f38aa5cf109ddcd39647ac419f928512c869dc01d5c7098eddede82", "bbbae5fb4a7abfe71d4688fd64bff70b91bbd74ef6a99d964bab18f7fdf286dd"]
itsdangerous = ["cbb3fcf8d3e33df861709ecaf89d9e6629cff0a217bc2848f1b41cd30d360519"]
jdcal = ["948fb8d079e63b4be7a69dd5f0cd618a0a57e80753de8248fd786a8a20658a07", "ea0a5067c5f0f50ad4c7bdc80abad3d976604f6fb026b0b3a17a9d84bb9046c9"]
jinja2 = ["74c935a1b8bb9a3947c50a54766a969d4846290e1e788ea44c1392163723c3bd", "f84be1bb0040caca4cea721fcbbbbd61f9be9464ca236387158b0feea01914a4"]
keystoneauth1 = ["742ef0d0e8b7858390b5b3a60d34603ff98864760981bfe7edfa71352a13ebda", "a47e6d2f676ab226dfd5343edb8c76f7c1fc314fc163d305e79bf18afae445d9"]
lockfile = ["6aed02de03cba24efabcd600b30540140634fc06cfa603822d508d5361e9f799", "6c3cb24f344923d30b2785d5ad75182c8ea7ac1b6171b08657258ec7429d50fa"]
markupsafe = ["a6be69091dac236ea9c6bc7d012beab42010fa914c459791d627dad4910eb665"]
mock = ["1e247dbecc6ce057299eb7ee019ad68314bb93152e81d9a6110d35f4d5eca0f6", "3f573a18be94de886d1191f27c168427ef693e8dcfcecf95b170577b2eb69cbb"]
monotonic = ["23953d55076df038541e648a53676fb24980f7a1be290cdda21300b3bc21dfb0", "552a91f381532e33cbd07c6a2655a21908088962bb8fa7239ecbcc6ad1140cc7"]
more-itertools = ["2b6b9893337bfd9166bee6a62c2b0c9fe7735dcf85948b387ec8cba30e85d8e8", "6703844a52d3588f951883005efcf555e49566a48afd4db4e965d69b883980d3", "a18d870ef2ffca2b8463c0070ad17b5978056f403fb64e3f15fe62a52db21cc0"]
moto = ["0235e471a4f2563087ca82511dabc75fcef3679bcc2015bfc5132d2b85c71891", "8f24eaba681ffbab1f87f264b6d2b88ed2442586904eb1d7cd2e231bd6740023"]
msgpack = ["0b3b1773d2693c70598585a34ca2715873ba899565f0a7c9a1545baef7e7fbdc", "0bae5d1538c5c6a75642f75a1781f3ac2275d744a92af1a453c150da3446138b", "0ee8c8c85aa651be3aa0cd005b5931769eaa658c948ce79428766f1bd46ae2c3", "1369f9edba9500c7a6489b70fdfac773e925342f4531f1e3d4c20ac3173b1ae0", "22d9c929d1d539f37da3d1b0e16270fa9d46107beab8c0d4d2bddffffe895cee", "2ff43e3247a1e11d544017bb26f580a68306cec7a6257d8818893c1fda665f42", "31a98047355d34d047fcdb55b09cb19f633cf214c705a765bd745456c142130c", "8767eb0032732c3a0da92cbec5ac186ef89a3258c6edca09161472ca0206c45f", "8acc8910218555044e23826980b950e96685dc48124a290c86f6f41a296ea172", "ab189a6365be1860a5ecf8159c248f12d33f79ea799ae9695fa6a29896dcf1d4", "cfd6535feb0f1cf1c7cdb25773e965cc9f92928244a8c3ef6f8f8a8e1f7ae5c4", "e274cd4480d8c76ec467a85a9c6635bbf2258f0649040560382ab58cabb44bcf", "f86642d60dca13e93260187d56c2bef2487aa4d574a669e8ceefcf9f4c26fd00", "f8a57cbda46a94ed0db55b73e6ab0c15e78b4ede8690fa491a0e55128d552bb0", "fcea97a352416afcbccd7af9625159d80704a25c519c251c734527329bb20d0e"]
netaddr = ["38aeec7cdd035081d3a4c306394b19d677623bf76fa0913f6695127c7753aefd", "56b3558bd71f3f6999e4c52e349f38660e54a7a8a9943335f73dfc96883e08ca"]
netifaces = ["0083ff8d89c559d0da0811c4930cf36e4945da0f03749e0f108678098d7d1607", "179f2463469fe69c829c96c7b332c7fd3f01652311e36ae11e409e5b34eb9dad", "19df6feff2af7a9179e42afdd01d79616d85b7ff4401b55ffce2df29d512a017", "1a4082a52f521ceeaf3d0ff25c61a06d46444f3578f487935652ecc93becf538", "1edeea7d739b1d716d15214039386e999f2e374aaeac0703092132b4e55ba461", "2acb23ca092cc53b2b1f374132bbef5dd843767f6b10d31024f958474a1dfe96", "38969c101f1e61c2a53af6a7b635f63e81085ae87413f1f5551a4d7057f5f773", "4817871b226082600b64578549b9932bb07c1a42e9311ddd7c9dad08ff1fb22f", "4bb6b02b7c485a595a9d75346df3a77fcaa12d2352437c49c2d73ed968572d72", "674498dad41dacd86ec82e9e1793f9d8716755085c3776f051a266b1634a0b60", "7ea8eb1e824f74c161396f0d6d76fa3943462ee9a4629c387c10399d2aee058c", "8a69dc2743dcbb9b87fa3453820852f0feabc17b03d3841619e8e63f5d3902d5", "9cf8cb2de7524c34808e6111dfb9f89e3b7c568e6953b3e02b8397447a6d8303", "a77263e046636a761a2c3eeb0a56b5f8fa64f865efec91a9be008a46412b4ddd", "aea569ce1a5a75b010758097199f84d9a3a109a696473c635bcf82f8a43cc551", "bd590fcb75421537d4149825e1e63cca225fd47dad861710c46bd1cb329d8cbd", "e1037cfad0e99a23fb4829f40302f3696395358950ba9f0315363a0e1eb04af6", "e6d52aee254f9cf6192b54c156c67d54dcf451bec6781580844af892e4bf36bb", "e76d38d9cff51ecf9fd5b8d0adf63f7b8875e1ac8548ccb52264939e308b771e"]
nose = ["9ff7c6cc443f8c51994b34a667bbcf45afd6d945be7477b52e97516fd17c53ac", "dadcddc0aefbf99eea214e0f1232b94f2fa9bd98fa8353711dacb112bfcbbb2a", "f1bffef9cbc82628f6e7d7b40d7e255aefaa1adb6a1b1d26c69a8b79e6208a98"]
openpyxl = ["9239b74faf175dc4276a5fc277655fc53c2f704ded39e680d35e6a39e1913f69"]
ordereddict = ["1c35b4ac206cef2d24816c89f89cf289dd3d38cf7c449bb3fab7bf6d43f01b1f"]
os-service-types = ["4dd42c728b7f33e80a44996ace3c044b2544b58c226d7552f5ccc19eb01668b6", "b08fb4ec1249d313afea2728fa4db916b1907806364126fe46de482671203111"]
"oslo.i18n" = ["037e3474db4c2bbc28c5ecfd92cc6539e4fa34283bd15978c8c08706eaae556a", "043e7a5e9aa774097ffed25ecd8568a8d24a9a29d30b28e1d0a3dce47a83a6c8"]
"oslo.serialization" = ["412c7b6f0680f3a6f694f096ea46d28b83079112e847226b636b3c5a16cdb83c", "ec3f8ef108199204dcbded425e940625c3d4d8663cb69724c58d3c29031ab8e3"]
"oslo.utils" = ["57fe0c43058771062a673e1ca5d60c8ac5a32b0560784de168ff6a2b5f728c43", "c9f5afb4055f60c5dc36341ed5ff09e536ca5e584d7278234c319c7cd38b55d9"]
pbr = ["1b8be50d938c9bb75d0eaf7eda111eec1bf6dc88a62a6412e33bf077457e0f45", "b486975c0cafb6beeb50ca0e17ba047647f229087bd74e37f4a7e2cac17d2caa"]
pluggy = ["6e3836e39f4d36ae72840833db137f7b7d35105079aee6ec4a62d9f80d594dd1", "95eb8364a4708392bae89035f45341871286a333f749c3141c20573d2b3876e1"]
prettytable = ["2d5460dc9db74a32bcc8f9f67de68b2c4f4d2f01fa3bd518764c69156d9cacd9", "853c116513625c738dc3ce1aee148b5b5757a86727e67eff6502c7ca59d43c36", "a53da3b43d7a5c229b5e3ca2892ef982c46b7923b51e98f0db49956531211c4f"]
py = ["3fd59af7435864e1a243790d322d763925431213b6b8529c6ca71081ace3bbf7", "e31fb2767eb657cbde86c454f02e99cb846d3cd9d61b318525140214fdc0e98e"]
pyparsing = ["0832bcf47acd283788593e7a0f542407bd9550a55a8a8435214a1960e04bcb04", "281683241b25fe9b80ec9d66017485f6deff1af5cde372469134b56ca8447a07", "8f1e18d3fd36c6795bb7e02a39fd05c611ffc2596c1e0d995d34d67630426c18", "9e8143a3e15c13713506886badd96ca4b579a87fbdf49e550dbfc057d6cb218e", "b8b3117ed9bdf45e14dcc89345ce638ec7e0e29b2b579fa1ecf32ce45ebac8a5", "e4d45427c6e20a59bf4f88c639dcc03ce30d193112047f94012102f235853a58", "fee43f17a9c4087e7ed1605bd6df994c6173c1e977d7ade7b651292fab2bd010"]
pytest = ["341ec10361b64a24accaec3c7ba5f7d5ee1ca4cebea30f76fad3dd12db9f0541", "952c0389db115437f966c4c2079ae9d54714b9455190e56acebe14e8c38a7efa"]
python-dateutil = ["2ae63cf475f0bd049b722fac20813d62aedc14957dd5a3bf00d120d2b5404460", "3e95445c1db500a344079a47b171c45ef18f57d188dffdb0e4165c71bea8eb3d"]
python-novaclient = ["892de502d78aad11ceceab38f812d92c7783a16b1bc3be54b8efe7500e9e0d7a", "b00a70ba72b068adb6aaca19b14ed4bde9c950ef4f24234d095f9f9985073179"]
pytz = ["a061aa0a9e06881eb8b3b2b43f05b9439d6583c206d0a6c340ff72a7b6669053", "ffb9ef1de172603304d9d2819af6f5ece76f2e85ec10692a524dd876e72bf277"]
requests = ["63b52e3c866428a224f97cab011de738c36aec0185aa91cfacd418b5d58911d1", "ec22d826a36ed72a7358ff3fe56cbd4ba69dd7a6718ffd450ff0e9df7a47ce6a"]
simplejson = ["067a7177ddfa32e1483ba5169ebea1bc2ea27f224853211ca669325648ca5642", "2b8cb601d9ba0381499db719ccc9dfbb2fbd16013f5ff096b1a68a4775576a04", "2c139daf167b96f21542248f8e0a06596c9b9a7a41c162cc5c9ee9f3833c93cd", "2fc546e6af49fb45b93bbe878dea4c48edc34083729c0abd09981fe55bdf7f91", "354fa32b02885e6dae925f1b5bbf842c333c1e11ea5453ddd67309dc31fdb40a", "37e685986cf6f8144607f90340cff72d36acf654f3653a6c47b84c5c38d00df7", "3af610ee72efbe644e19d5eaad575c73fb83026192114e5f6719f4901097fce2", "3b919fc9cf508f13b929a9b274c40786036b31ad28657819b3b9ba44ba651f50", "3dd289368bbd064974d9a5961101f080e939cbe051e6689a193c99fb6e9ac89b", "491de7acc423e871a814500eb2dcea8aa66c4a4b1b4825d18f756cdf58e370cb", "495511fe5f10ccf4e3ed4fc0c48318f533654db6c47ecbc970b4ed215c791968", "65b41a5cda006cfa7c66eabbcf96aa704a6be2a5856095b9e2fd8c293bad2b46", "6c3258ffff58712818a233b9737fe4be943d306c40cf63d14ddc82ba563f483a", "75e3f0b12c28945c08f54350d91e624f8dd580ab74fd4f1bbea54bc6b0165610", "79b129fe65fdf3765440f7a73edaffc89ae9e7885d4e2adafe6aa37913a00fbb", "b1f329139ba647a9548aa05fb95d046b4a677643070dc2afc05fa2e975d09ca5", "c206f47cbf9f32b573c9885f0ec813d2622976cf5effcf7e472344bc2e020ac1", "d8e238f20bcf70063ee8691d4a72162bcec1f4c38f83c93e6851e72ad545dabb", "ee9625fc8ee164902dfbb0ff932b26df112da9f871c32f0f9c1bcf20c350fe2a", "fb2530b53c28f0d4d84990e945c2ebb470edb469d63e389bf02ff409012fe7c5", "feadb95170e45f439455354904768608e356c5b174ca30b3d11b0e3f24b5c0df"]
six = ["70e8a77beed4562e7f14fe23a786b54f6296e34344c23bc42f07b15018ff98e9", "832dc0e10feb1aa2c68dcc57dbb658f1c7e65b9b61af69048abc87a2db00a0eb"]
stevedore = ["1e153545aca7a6a49d8337acca4f41c212fbfa60bf864ecd056df0cafb9627e8", "c7eac1c0d95824c88b655273da5c17cdde6482b2739f47c30bf851dcc9d3c2c0"]
urllib3 = ["a68ac5e15e76e7e5dd2b8f94007233e01effe3e50e8daddf69acfd81cb686baf", "b5725a0bd4ba422ab0e66e89e030c806576753ea3ee08554382c14e685d117b5"]
werkzeug = ["c3fd7a7d41976d9f44db327260e263132466836cef6f91512889ed60ad26557c", "d5da73735293558eb1651ee2fddc4d0dedcfa06538b8813a2e20011583c9e49b"]
wrapt = ["d4d560d479f2c21e1b5443bbd15fe7ec4b37fe7e53d335d3b9b0a7b1226fe3c6"]
xmltodict = ["275d1e68c95cd7e3ee703ddc3ea7278e8281f761680d6bdd637bcd00a5c59901"]
